// !$*UTF8*$!
{
	archiveVersion = 1;
	classes = {
	};
	objectVersion = 55;
	objects = {

/* Begin PBXBuildFile section */
		06F2206928DDC01700128CAB /* Dylan.swift in Sources */ = {isa = PBXBuildFile; fileRef = 06F2206828DDC01700128CAB /* Dylan.swift */; };
		1985285C28EADF34003AAEBF /* SignUpView.swift in Sources */ = {isa = PBXBuildFile; fileRef = 1985285B28EADF34003AAEBF /* SignUpView.swift */; };
		1985286528EC1DA5003AAEBF /* SignInView.swift in Sources */ = {isa = PBXBuildFile; fileRef = 1985286428EC1DA5003AAEBF /* SignInView.swift */; };
		1985286D28EC305B003AAEBF /* CustomTextField.swift in Sources */ = {isa = PBXBuildFile; fileRef = 1985286C28EC305B003AAEBF /* CustomTextField.swift */; };
		1985286F28EC3309003AAEBF /* BlueButton.swift in Sources */ = {isa = PBXBuildFile; fileRef = 1985286E28EC3309003AAEBF /* BlueButton.swift */; };
		19E9675528DDB3CF008FD86C /* Model.swift in Sources */ = {isa = PBXBuildFile; fileRef = 19E9675428DDB3CF008FD86C /* Model.swift */; };
		26CC9E0E28DDB07300CFBA06 /* PergiYukApp.swift in Sources */ = {isa = PBXBuildFile; fileRef = 26CC9E0D28DDB07300CFBA06 /* PergiYukApp.swift */; };
		26CC9E1028DDB07300CFBA06 /* ContentView.swift in Sources */ = {isa = PBXBuildFile; fileRef = 26CC9E0F28DDB07300CFBA06 /* ContentView.swift */; };
		26CC9E1228DDB07300CFBA06 /* Assets.xcassets in Resources */ = {isa = PBXBuildFile; fileRef = 26CC9E1128DDB07300CFBA06 /* Assets.xcassets */; };
		26CC9E1528DDB07300CFBA06 /* Preview Assets.xcassets in Resources */ = {isa = PBXBuildFile; fileRef = 26CC9E1428DDB07300CFBA06 /* Preview Assets.xcassets */; };
		26CF2DEC28E6F44100B26B12 /* PergiYukDataModel.xcdatamodeld in Sources */ = {isa = PBXBuildFile; fileRef = 26CF2DEA28E6F44100B26B12 /* PergiYukDataModel.xcdatamodeld */; };
		26CF2DEE28E6F5C900B26B12 /* CoreDataManager.swift in Sources */ = {isa = PBXBuildFile; fileRef = 26CF2DED28E6F5C900B26B12 /* CoreDataManager.swift */; };
/* End PBXBuildFile section */

/* Begin PBXFileReference section */
		06F2206828DDC01700128CAB /* Dylan.swift */ = {isa = PBXFileReference; lastKnownFileType = sourcecode.swift; path = Dylan.swift; sourceTree = "<group>"; };
		1985285B28EADF34003AAEBF /* SignUpView.swift */ = {isa = PBXFileReference; lastKnownFileType = sourcecode.swift; path = SignUpView.swift; sourceTree = "<group>"; };
		1985286428EC1DA5003AAEBF /* SignInView.swift */ = {isa = PBXFileReference; lastKnownFileType = sourcecode.swift; path = SignInView.swift; sourceTree = "<group>"; };
		1985286C28EC305B003AAEBF /* CustomTextField.swift */ = {isa = PBXFileReference; lastKnownFileType = sourcecode.swift; path = CustomTextField.swift; sourceTree = "<group>"; };
		1985286E28EC3309003AAEBF /* BlueButton.swift */ = {isa = PBXFileReference; lastKnownFileType = sourcecode.swift; name = BlueButton.swift; path = PergiYuk/Extensions/TextField/BlueButton.swift; sourceTree = SOURCE_ROOT; };
		19E9675428DDB3CF008FD86C /* Model.swift */ = {isa = PBXFileReference; lastKnownFileType = sourcecode.swift; path = Model.swift; sourceTree = "<group>"; };
		26CC9E0A28DDB07300CFBA06 /* PergiYuk.app */ = {isa = PBXFileReference; explicitFileType = wrapper.application; includeInIndex = 0; path = PergiYuk.app; sourceTree = BUILT_PRODUCTS_DIR; };
		26CC9E0D28DDB07300CFBA06 /* PergiYukApp.swift */ = {isa = PBXFileReference; lastKnownFileType = sourcecode.swift; path = PergiYukApp.swift; sourceTree = "<group>"; };
		26CC9E0F28DDB07300CFBA06 /* ContentView.swift */ = {isa = PBXFileReference; lastKnownFileType = sourcecode.swift; path = ContentView.swift; sourceTree = "<group>"; };
		26CC9E1128DDB07300CFBA06 /* Assets.xcassets */ = {isa = PBXFileReference; lastKnownFileType = folder.assetcatalog; path = Assets.xcassets; sourceTree = "<group>"; };
		26CC9E1428DDB07300CFBA06 /* Preview Assets.xcassets */ = {isa = PBXFileReference; lastKnownFileType = folder.assetcatalog; path = "Preview Assets.xcassets"; sourceTree = "<group>"; };
		26CF2DEB28E6F44100B26B12 /* PergiYukDataModel.xcdatamodel */ = {isa = PBXFileReference; lastKnownFileType = wrapper.xcdatamodel; path = PergiYukDataModel.xcdatamodel; sourceTree = "<group>"; };
		26CF2DED28E6F5C900B26B12 /* CoreDataManager.swift */ = {isa = PBXFileReference; lastKnownFileType = sourcecode.swift; path = CoreDataManager.swift; sourceTree = "<group>"; };
/* End PBXFileReference section */

/* Begin PBXFrameworksBuildPhase section */
		26CC9E0728DDB07300CFBA06 /* Frameworks */ = {
			isa = PBXFrameworksBuildPhase;
			buildActionMask = 2147483647;
			files = (
			);
			runOnlyForDeploymentPostprocessing = 0;
		};
/* End PBXFrameworksBuildPhase section */

/* Begin PBXGroup section */
		1985285D28EC15A2003AAEBF /* Views */ = {
			isa = PBXGroup;
			children = (
				1985285B28EADF34003AAEBF /* SignUpView.swift */,
				1985286428EC1DA5003AAEBF /* SignInView.swift */,
			);
			path = Views;
			sourceTree = "<group>";
		};
		1985286328EC1CB1003AAEBF /* Text */ = {
			isa = PBXGroup;
			children = (
			);
			path = Text;
			sourceTree = "<group>";
		};
		1985286728EC2F91003AAEBF /* Extensions */ = {
			isa = PBXGroup;
			children = (
				1985286B28EC303A003AAEBF /* TextField */,
				1985286828EC2F9D003AAEBF /* Button */,
			);
			path = Extensions;
			sourceTree = "<group>";
		};
		1985286828EC2F9D003AAEBF /* Button */ = {
			isa = PBXGroup;
			children = (
				1985286E28EC3309003AAEBF /* BlueButton.swift */,
			);
			path = Button;
			sourceTree = "<group>";
		};
		1985286B28EC303A003AAEBF /* TextField */ = {
			isa = PBXGroup;
			children = (
				1985286C28EC305B003AAEBF /* CustomTextField.swift */,
			);
			path = TextField;
			sourceTree = "<group>";
		};
		26CC9E0128DDB07300CFBA06 = {
			isa = PBXGroup;
			children = (
				26CC9E0C28DDB07300CFBA06 /* PergiYuk */,
				26CC9E0B28DDB07300CFBA06 /* Products */,
			);
			sourceTree = "<group>";
		};
		26CC9E0B28DDB07300CFBA06 /* Products */ = {
			isa = PBXGroup;
			children = (
				26CC9E0A28DDB07300CFBA06 /* PergiYuk.app */,
			);
			name = Products;
			sourceTree = "<group>";
		};
		26CC9E0C28DDB07300CFBA06 /* PergiYuk */ = {
			isa = PBXGroup;
			children = (
				1985286728EC2F91003AAEBF /* Extensions */,
				1985286328EC1CB1003AAEBF /* Text */,
				1985285D28EC15A2003AAEBF /* Views */,
				26CC9E0D28DDB07300CFBA06 /* PergiYukApp.swift */,
				26CC9E0F28DDB07300CFBA06 /* ContentView.swift */,
				19E9675428DDB3CF008FD86C /* Model.swift */,
				26CC9E1128DDB07300CFBA06 /* Assets.xcassets */,
				26CC9E1328DDB07300CFBA06 /* Preview Content */,
				06F2206828DDC01700128CAB /* Dylan.swift */,
				26CF2DEA28E6F44100B26B12 /* PergiYukDataModel.xcdatamodeld */,
				26CF2DED28E6F5C900B26B12 /* CoreDataManager.swift */,
			);
			path = PergiYuk;
			sourceTree = "<group>";
		};
		26CC9E1328DDB07300CFBA06 /* Preview Content */ = {
			isa = PBXGroup;
			children = (
				26CC9E1428DDB07300CFBA06 /* Preview Assets.xcassets */,
			);
			path = "Preview Content";
			sourceTree = "<group>";
		};
/* End PBXGroup section */

/* Begin PBXNativeTarget section */
		26CC9E0928DDB07300CFBA06 /* PergiYuk */ = {
			isa = PBXNativeTarget;
			buildConfigurationList = 26CC9E1828DDB07300CFBA06 /* Build configuration list for PBXNativeTarget "PergiYuk" */;
			buildPhases = (
				26CC9E0628DDB07300CFBA06 /* Sources */,
				26CC9E0728DDB07300CFBA06 /* Frameworks */,
				26CC9E0828DDB07300CFBA06 /* Resources */,
			);
			buildRules = (
			);
			dependencies = (
			);
			name = PergiYuk;
			productName = PergiYuk;
			productReference = 26CC9E0A28DDB07300CFBA06 /* PergiYuk.app */;
			productType = "com.apple.product-type.application";
		};
/* End PBXNativeTarget section */

/* Begin PBXProject section */
		26CC9E0228DDB07300CFBA06 /* Project object */ = {
			isa = PBXProject;
			attributes = {
				BuildIndependentTargetsInParallel = 1;
				LastSwiftUpdateCheck = 1340;
				LastUpgradeCheck = 1340;
				TargetAttributes = {
					26CC9E0928DDB07300CFBA06 = {
						CreatedOnToolsVersion = 13.4.1;
					};
				};
			};
			buildConfigurationList = 26CC9E0528DDB07300CFBA06 /* Build configuration list for PBXProject "PergiYuk" */;
			compatibilityVersion = "Xcode 13.0";
			developmentRegion = en;
			hasScannedForEncodings = 0;
			knownRegions = (
				en,
				Base,
			);
			mainGroup = 26CC9E0128DDB07300CFBA06;
			productRefGroup = 26CC9E0B28DDB07300CFBA06 /* Products */;
			projectDirPath = "";
			projectRoot = "";
			targets = (
				26CC9E0928DDB07300CFBA06 /* PergiYuk */,
			);
		};
/* End PBXProject section */

/* Begin PBXResourcesBuildPhase section */
		26CC9E0828DDB07300CFBA06 /* Resources */ = {
			isa = PBXResourcesBuildPhase;
			buildActionMask = 2147483647;
			files = (
				26CC9E1528DDB07300CFBA06 /* Preview Assets.xcassets in Resources */,
				26CC9E1228DDB07300CFBA06 /* Assets.xcassets in Resources */,
			);
			runOnlyForDeploymentPostprocessing = 0;
		};
/* End PBXResourcesBuildPhase section */

/* Begin PBXSourcesBuildPhase section */
		26CC9E0628DDB07300CFBA06 /* Sources */ = {
			isa = PBXSourcesBuildPhase;
			buildActionMask = 2147483647;
			files = (
				26CF2DEE28E6F5C900B26B12 /* CoreDataManager.swift in Sources */,
				1985286F28EC3309003AAEBF /* BlueButton.swift in Sources */,
				19E9675528DDB3CF008FD86C /* Model.swift in Sources */,
				26CC9E1028DDB07300CFBA06 /* ContentView.swift in Sources */,
				1985285C28EADF34003AAEBF /* SignUpView.swift in Sources */,
				1985286D28EC305B003AAEBF /* CustomTextField.swift in Sources */,
				26CF2DEC28E6F44100B26B12 /* PergiYukDataModel.xcdatamodeld in Sources */,
				06F2206928DDC01700128CAB /* Dylan.swift in Sources */,
				1985286528EC1DA5003AAEBF /* SignInView.swift in Sources */,
				26CC9E0E28DDB07300CFBA06 /* PergiYukApp.swift in Sources */,
			);
			runOnlyForDeploymentPostprocessing = 0;
		};
/* End PBXSourcesBuildPhase section */

/* Begin XCBuildConfiguration section */
		26CC9E1628DDB07300CFBA06 /* Debug */ = {
			isa = XCBuildConfiguration;
			buildSettings = {
				ALWAYS_SEARCH_USER_PATHS = NO;
				CLANG_ANALYZER_NONNULL = YES;
				CLANG_ANALYZER_NUMBER_OBJECT_CONVERSION = YES_AGGRESSIVE;
				CLANG_CXX_LANGUAGE_STANDARD = "gnu++17";
				CLANG_ENABLE_MODULES = YES;
				CLANG_ENABLE_OBJC_ARC = YES;
				CLANG_ENABLE_OBJC_WEAK = YES;
				CLANG_WARN_BLOCK_CAPTURE_AUTORELEASING = YES;
				CLANG_WARN_BOOL_CONVERSION = YES;
				CLANG_WARN_COMMA = YES;
				CLANG_WARN_CONSTANT_CONVERSION = YES;
				CLANG_WARN_DEPRECATED_OBJC_IMPLEMENTATIONS = YES;
				CLANG_WARN_DIRECT_OBJC_ISA_USAGE = YES_ERROR;
				CLANG_WARN_DOCUMENTATION_COMMENTS = YES;
				CLANG_WARN_EMPTY_BODY = YES;
				CLANG_WARN_ENUM_CONVERSION = YES;
				CLANG_WARN_INFINITE_RECURSION = YES;
				CLANG_WARN_INT_CONVERSION = YES;
				CLANG_WARN_NON_LITERAL_NULL_CONVERSION = YES;
				CLANG_WARN_OBJC_IMPLICIT_RETAIN_SELF = YES;
				CLANG_WARN_OBJC_LITERAL_CONVERSION = YES;
				CLANG_WARN_OBJC_ROOT_CLASS = YES_ERROR;
				CLANG_WARN_QUOTED_INCLUDE_IN_FRAMEWORK_HEADER = YES;
				CLANG_WARN_RANGE_LOOP_ANALYSIS = YES;
				CLANG_WARN_STRICT_PROTOTYPES = YES;
				CLANG_WARN_SUSPICIOUS_MOVE = YES;
				CLANG_WARN_UNGUARDED_AVAILABILITY = YES_AGGRESSIVE;
				CLANG_WARN_UNREACHABLE_CODE = YES;
				CLANG_WARN__DUPLICATE_METHOD_MATCH = YES;
				COPY_PHASE_STRIP = NO;
				DEBUG_INFORMATION_FORMAT = dwarf;
				ENABLE_STRICT_OBJC_MSGSEND = YES;
				ENABLE_TESTABILITY = YES;
				GCC_C_LANGUAGE_STANDARD = gnu11;
				GCC_DYNAMIC_NO_PIC = NO;
				GCC_NO_COMMON_BLOCKS = YES;
				GCC_OPTIMIZATION_LEVEL = 0;
				GCC_PREPROCESSOR_DEFINITIONS = (
					"DEBUG=1",
					"$(inherited)",
				);
				GCC_WARN_64_TO_32_BIT_CONVERSION = YES;
				GCC_WARN_ABOUT_RETURN_TYPE = YES_ERROR;
				GCC_WARN_UNDECLARED_SELECTOR = YES;
				GCC_WARN_UNINITIALIZED_AUTOS = YES_AGGRESSIVE;
				GCC_WARN_UNUSED_FUNCTION = YES;
				GCC_WARN_UNUSED_VARIABLE = YES;
				IPHONEOS_DEPLOYMENT_TARGET = 15.5;
				MTL_ENABLE_DEBUG_INFO = INCLUDE_SOURCE;
				MTL_FAST_MATH = YES;
				ONLY_ACTIVE_ARCH = YES;
				SDKROOT = iphoneos;
				SWIFT_ACTIVE_COMPILATION_CONDITIONS = DEBUG;
				SWIFT_OPTIMIZATION_LEVEL = "-Onone";
			};
			name = Debug;
		};
		26CC9E1728DDB07300CFBA06 /* Release */ = {
			isa = XCBuildConfiguration;
			buildSettings = {
				ALWAYS_SEARCH_USER_PATHS = NO;
				CLANG_ANALYZER_NONNULL = YES;
				CLANG_ANALYZER_NUMBER_OBJECT_CONVERSION = YES_AGGRESSIVE;
				CLANG_CXX_LANGUAGE_STANDARD = "gnu++17";
				CLANG_ENABLE_MODULES = YES;
				CLANG_ENABLE_OBJC_ARC = YES;
				CLANG_ENABLE_OBJC_WEAK = YES;
				CLANG_WARN_BLOCK_CAPTURE_AUTORELEASING = YES;
				CLANG_WARN_BOOL_CONVERSION = YES;
				CLANG_WARN_COMMA = YES;
				CLANG_WARN_CONSTANT_CONVERSION = YES;
				CLANG_WARN_DEPRECATED_OBJC_IMPLEMENTATIONS = YES;
				CLANG_WARN_DIRECT_OBJC_ISA_USAGE = YES_ERROR;
				CLANG_WARN_DOCUMENTATION_COMMENTS = YES;
				CLANG_WARN_EMPTY_BODY = YES;
				CLANG_WARN_ENUM_CONVERSION = YES;
				CLANG_WARN_INFINITE_RECURSION = YES;
				CLANG_WARN_INT_CONVERSION = YES;
				CLANG_WARN_NON_LITERAL_NULL_CONVERSION = YES;
				CLANG_WARN_OBJC_IMPLICIT_RETAIN_SELF = YES;
				CLANG_WARN_OBJC_LITERAL_CONVERSION = YES;
				CLANG_WARN_OBJC_ROOT_CLASS = YES_ERROR;
				CLANG_WARN_QUOTED_INCLUDE_IN_FRAMEWORK_HEADER = YES;
				CLANG_WARN_RANGE_LOOP_ANALYSIS = YES;
				CLANG_WARN_STRICT_PROTOTYPES = YES;
				CLANG_WARN_SUSPICIOUS_MOVE = YES;
				CLANG_WARN_UNGUARDED_AVAILABILITY = YES_AGGRESSIVE;
				CLANG_WARN_UNREACHABLE_CODE = YES;
				CLANG_WARN__DUPLICATE_METHOD_MATCH = YES;
				COPY_PHASE_STRIP = NO;
				DEBUG_INFORMATION_FORMAT = "dwarf-with-dsym";
				ENABLE_NS_ASSERTIONS = NO;
				ENABLE_STRICT_OBJC_MSGSEND = YES;
				GCC_C_LANGUAGE_STANDARD = gnu11;
				GCC_NO_COMMON_BLOCKS = YES;
				GCC_WARN_64_TO_32_BIT_CONVERSION = YES;
				GCC_WARN_ABOUT_RETURN_TYPE = YES_ERROR;
				GCC_WARN_UNDECLARED_SELECTOR = YES;
				GCC_WARN_UNINITIALIZED_AUTOS = YES_AGGRESSIVE;
				GCC_WARN_UNUSED_FUNCTION = YES;
				GCC_WARN_UNUSED_VARIABLE = YES;
				IPHONEOS_DEPLOYMENT_TARGET = 15.5;
				MTL_ENABLE_DEBUG_INFO = NO;
				MTL_FAST_MATH = YES;
				SDKROOT = iphoneos;
				SWIFT_COMPILATION_MODE = wholemodule;
				SWIFT_OPTIMIZATION_LEVEL = "-O";
				VALIDATE_PRODUCT = YES;
			};
			name = Release;
		};
		26CC9E1928DDB07300CFBA06 /* Debug */ = {
			isa = XCBuildConfiguration;
			buildSettings = {
				ASSETCATALOG_COMPILER_APPICON_NAME = AppIcon;
				ASSETCATALOG_COMPILER_GLOBAL_ACCENT_COLOR_NAME = AccentColor;
				CODE_SIGN_STYLE = Automatic;
				CURRENT_PROJECT_VERSION = 1;
				DEVELOPMENT_ASSET_PATHS = "\"PergiYuk/Preview Content\"";
				DEVELOPMENT_TEAM = S6BK56652F;
				ENABLE_PREVIEWS = YES;
				GENERATE_INFOPLIST_FILE = YES;
				INFOPLIST_KEY_UIApplicationSceneManifest_Generation = YES;
				INFOPLIST_KEY_UIApplicationSupportsIndirectInputEvents = YES;
				INFOPLIST_KEY_UILaunchScreen_Generation = YES;
				INFOPLIST_KEY_UISupportedInterfaceOrientations_iPad = "UIInterfaceOrientationPortrait UIInterfaceOrientationPortraitUpsideDown UIInterfaceOrientationLandscapeLeft UIInterfaceOrientationLandscapeRight";
				INFOPLIST_KEY_UISupportedInterfaceOrientations_iPhone = "UIInterfaceOrientationPortrait UIInterfaceOrientationLandscapeLeft UIInterfaceOrientationLandscapeRight";
				LD_RUNPATH_SEARCH_PATHS = (
					"$(inherited)",
					"@executable_path/Frameworks",
				);
				MARKETING_VERSION = 1.0;
				PRODUCT_BUNDLE_IDENTIFIER = com.AnastasiaAgustine.PergiYuk;
				PRODUCT_NAME = "$(TARGET_NAME)";
				SWIFT_EMIT_LOC_STRINGS = YES;
				SWIFT_VERSION = 5.0;
				TARGETED_DEVICE_FAMILY = "1,2";
			};
			name = Debug;
		};
		26CC9E1A28DDB07300CFBA06 /* Release */ = {
			isa = XCBuildConfiguration;
			buildSettings = {
				ASSETCATALOG_COMPILER_APPICON_NAME = AppIcon;
				ASSETCATALOG_COMPILER_GLOBAL_ACCENT_COLOR_NAME = AccentColor;
				CODE_SIGN_STYLE = Automatic;
				CURRENT_PROJECT_VERSION = 1;
				DEVELOPMENT_ASSET_PATHS = "\"PergiYuk/Preview Content\"";
				DEVELOPMENT_TEAM = S6BK56652F;
				ENABLE_PREVIEWS = YES;
				GENERATE_INFOPLIST_FILE = YES;
				INFOPLIST_KEY_UIApplicationSceneManifest_Generation = YES;
				INFOPLIST_KEY_UIApplicationSupportsIndirectInputEvents = YES;
				INFOPLIST_KEY_UILaunchScreen_Generation = YES;
				INFOPLIST_KEY_UISupportedInterfaceOrientations_iPad = "UIInterfaceOrientationPortrait UIInterfaceOrientationPortraitUpsideDown UIInterfaceOrientationLandscapeLeft UIInterfaceOrientationLandscapeRight";
				INFOPLIST_KEY_UISupportedInterfaceOrientations_iPhone = "UIInterfaceOrientationPortrait UIInterfaceOrientationLandscapeLeft UIInterfaceOrientationLandscapeRight";
				LD_RUNPATH_SEARCH_PATHS = (
					"$(inherited)",
					"@executable_path/Frameworks",
				);
				MARKETING_VERSION = 1.0;
				PRODUCT_BUNDLE_IDENTIFIER = com.AnastasiaAgustine.PergiYuk;
				PRODUCT_NAME = "$(TARGET_NAME)";
				SWIFT_EMIT_LOC_STRINGS = YES;
				SWIFT_VERSION = 5.0;
				TARGETED_DEVICE_FAMILY = "1,2";
			};
			name = Release;
		};
/* End XCBuildConfiguration section */

/* Begin XCConfigurationList section */
		26CC9E0528DDB07300CFBA06 /* Build configuration list for PBXProject "PergiYuk" */ = {
			isa = XCConfigurationList;
			buildConfigurations = (
				26CC9E1628DDB07300CFBA06 /* Debug */,
				26CC9E1728DDB07300CFBA06 /* Release */,
			);
			defaultConfigurationIsVisible = 0;
			defaultConfigurationName = Release;
		};
		26CC9E1828DDB07300CFBA06 /* Build configuration list for PBXNativeTarget "PergiYuk" */ = {
			isa = XCConfigurationList;
			buildConfigurations = (
				26CC9E1928DDB07300CFBA06 /* Debug */,
				26CC9E1A28DDB07300CFBA06 /* Release */,
			);
			defaultConfigurationIsVisible = 0;
			defaultConfigurationName = Release;
		};
/* End XCConfigurationList section */

/* Begin XCVersionGroup section */
		26CF2DEA28E6F44100B26B12 /* PergiYukDataModel.xcdatamodeld */ = {
			isa = XCVersionGroup;
			children = (
				26CF2DEB28E6F44100B26B12 /* PergiYukDataModel.xcdatamodel */,
			);
			currentVersion = 26CF2DEB28E6F44100B26B12 /* PergiYukDataModel.xcdatamodel */;
			path = PergiYukDataModel.xcdatamodeld;
			sourceTree = "<group>";
			versionGroupType = wrapper.xcdatamodel;
		};
/* End XCVersionGroup section */
	};
	rootObject = 26CC9E0228DDB07300CFBA06 /* Project object */;
}
